# This file is autogenerated, do not edit; changes may be undone by the next 'dep ensure'.


[[projects]]
  name = "github.com/golang/protobuf"
  packages = ["proto","protoc-gen-go/descriptor"]
  revision = "1f49d83d9aa00e6ce4fc8258c71cc7786aec968a"

[solve-meta]
  analyzer-name = "dep"
  analyzer-version = 1
  inputs-digest = "86e32ea18c6a0c4f9108273a170baadd175d75172722b2aef9e252c14953091d"
  solver-name = "gps-cdcl"
  solver-version = 1
