# This file is autogenerated, do not edit; changes may be undone by the next 'dep ensure'.


[[projects]]
  name = "github.com/golang/protobuf"
  packages = ["proto","protoc-gen-go/descriptor"]
  revision = "9f174c986221c608fb5143bd623b6076a71feae3"

[solve-meta]
  analyzer-name = "dep"
  analyzer-version = 1
  inputs-digest = "2c7e6b32f1ad394b91a13231546e1d9de7894156f41a82f7745b89c094d0365f"
  solver-name = "gps-cdcl"
  solver-version = 1
